<?xml version="1.0" encoding="utf-8"?>
<Project ToolsVersion="4.0" xmlns="http://schemas.microsoft.com/developer/msbuild/2003">
  <ItemGroup>
    <Filter Include="리소스 파일">
      <UniqueIdentifier>{67DA6AB6-F800-4c08-8B7A-83BB121AAD01}</UniqueIdentifier>
      <Extensions>rc;ico;cur;bmp;dlg;rc2;rct;bin;rgs;gif;jpg;jpeg;jpe;resx;tiff;tif;png;wav;mfcribbon-ms</Extensions>
    </Filter>
    <Filter Include="Engin">
      <UniqueIdentifier>{b9eedab9-d04b-453b-a3f8-af99c68775bb}</UniqueIdentifier>
    </Filter>
    <Filter Include="Main">
      <UniqueIdentifier>{c43bba72-d628-4e7b-9456-efc9af91b9e7}</UniqueIdentifier>
    </Filter>
    <Filter Include="Engin\GameObject">
      <UniqueIdentifier>{50259711-4e20-4f96-8a5b-b27d9651388c}</UniqueIdentifier>
    </Filter>
    <Filter Include="Contents">
      <UniqueIdentifier>{6e31d35f-8b37-490c-b573-1394bcbee820}</UniqueIdentifier>
    </Filter>
    <Filter Include="Engin\High Level Interface">
      <UniqueIdentifier>{a95a07b3-8ab3-4e74-90a3-3548d130c24b}</UniqueIdentifier>
    </Filter>
    <Filter Include="Engin\Scene">
      <UniqueIdentifier>{ec77e782-ccf1-4256-afac-c71d4bdb8d20}</UniqueIdentifier>
    </Filter>
    <Filter Include="Engin\Component">
      <UniqueIdentifier>{c0fc3a39-d4d0-4022-8304-74810172438d}</UniqueIdentifier>
    </Filter>
    <Filter Include="Engin\Common">
      <UniqueIdentifier>{565e9e99-6572-4052-b319-15b2f0739d20}</UniqueIdentifier>
    </Filter>
    <Filter Include="Contents\Scene">
      <UniqueIdentifier>{62716123-6502-49d7-b03e-6fa7102bc6c9}</UniqueIdentifier>
    </Filter>
    <Filter Include="Contents\Player">
      <UniqueIdentifier>{e2c7bfb4-27e1-4b26-9931-7d828444eaae}</UniqueIdentifier>
    </Filter>
    <Filter Include="Engin\Time">
      <UniqueIdentifier>{2fc93132-d543-4509-8f22-0272db377984}</UniqueIdentifier>
    </Filter>
    <Filter Include="Engin\Layer">
      <UniqueIdentifier>{e55396f5-fd3e-4129-8112-62c929811b46}</UniqueIdentifier>
    </Filter>
    <Filter Include="Engin\Input">
      <UniqueIdentifier>{1ca9b186-5b93-4f6f-a9de-021252df0e5d}</UniqueIdentifier>
    </Filter>
    <Filter Include="Engin\Resource">
      <UniqueIdentifier>{b4077465-f9d4-443f-8924-1c1bc1be9ca7}</UniqueIdentifier>
    </Filter>
    <Filter Include="Contents\BG">
      <UniqueIdentifier>{7d72ebd9-644d-4ba7-b4c3-bfe0fa8d4882}</UniqueIdentifier>
    </Filter>
    <Filter Include="Contents\UI">
      <UniqueIdentifier>{89ec0f5b-8629-46a5-b17d-f242dc522457}</UniqueIdentifier>
    </Filter>
    <Filter Include="Contents\Letters">
      <UniqueIdentifier>{7fc0d46b-71a6-416f-9f12-29c31114ee40}</UniqueIdentifier>
    </Filter>
    <Filter Include="Contents\Monster">
      <UniqueIdentifier>{88a748ab-e93d-4291-a279-57901c0a8713}</UniqueIdentifier>
    </Filter>
    <Filter Include="Engin\Component\Collider">
      <UniqueIdentifier>{44baf467-a984-437f-807d-d353bb2aaffb}</UniqueIdentifier>
    </Filter>
    <Filter Include="Engin\Camera">
      <UniqueIdentifier>{98f000ec-a59b-4788-b8ca-2aca758a69e2}</UniqueIdentifier>
    </Filter>
    <Filter Include="Engin\Component\RigidBody">
      <UniqueIdentifier>{26f5eb5f-3c21-4876-b842-109cb0c65f44}</UniqueIdentifier>
    </Filter>
    <Filter Include="Engin\Component\Animator">
      <UniqueIdentifier>{b3155bd4-2880-44d5-805e-5a1317b388b0}</UniqueIdentifier>
    </Filter>
    <Filter Include="Engin\Component\Transform">
      <UniqueIdentifier>{27c32eea-49d6-4de2-bd81-78a039841839}</UniqueIdentifier>
    </Filter>
    <Filter Include="Contents\Tile">
      <UniqueIdentifier>{ae45f822-f55b-4624-9e02-98dad33e5abc}</UniqueIdentifier>
    </Filter>
    <Filter Include="Contents\Effect">
      <UniqueIdentifier>{6ff034fb-7faf-4ed2-b722-d92be41c4785}</UniqueIdentifier>
    </Filter>
    <Filter Include="Contents\NPC">
      <UniqueIdentifier>{4d6a0685-23b3-4f22-ac74-85fb0e91f3b7}</UniqueIdentifier>
    </Filter>
    <Filter Include="Contents\Throws">
      <UniqueIdentifier>{e2fd270f-6121-4f7b-9df9-3f224f0e1816}</UniqueIdentifier>
    </Filter>
    <Filter Include="Contents\Scene\Stage1">
      <UniqueIdentifier>{628e2ba3-af97-4b6e-b248-28a34f2ab168}</UniqueIdentifier>
    </Filter>
    <Filter Include="Contents\Scene\Tile">
      <UniqueIdentifier>{b0b68c4b-7c10-488f-80bc-029bd61c530d}</UniqueIdentifier>
    </Filter>
    <Filter Include="Contents\Scene\Title">
      <UniqueIdentifier>{b31c6792-d998-4015-95df-5709a7f4d199}</UniqueIdentifier>
    </Filter>
    <Filter Include="Contents\Scene\Stage2">
      <UniqueIdentifier>{a0e24fe8-2d41-44aa-8e9f-8b3f7e5085fe}</UniqueIdentifier>
    </Filter>
  </ItemGroup>
  <ItemGroup>
    <ClInclude Include="Client.h">
      <Filter>Main</Filter>
    </ClInclude>
    <ClInclude Include="framework.h">
      <Filter>Main</Filter>
    </ClInclude>
    <ClInclude Include="Resource.h">
      <Filter>Main</Filter>
    </ClInclude>
    <ClInclude Include="targetver.h">
      <Filter>Main</Filter>
    </ClInclude>
    <ClInclude Include="MnMath.h">
      <Filter>Engin\Common</Filter>
    </ClInclude>
    <ClInclude Include="Commoninclude.h">
      <Filter>Engin\Common</Filter>
    </ClInclude>
    <ClInclude Include="MnEngine.h">
      <Filter>Engin\Common</Filter>
    </ClInclude>
    <ClInclude Include="MnEnum.h">
      <Filter>Engin\Common</Filter>
    </ClInclude>
    <ClInclude Include="MnGameObject.h">
      <Filter>Engin\GameObject</Filter>
    </ClInclude>
    <ClInclude Include="MnEntity.h">
      <Filter>Engin\Common</Filter>
    </ClInclude>
    <ClInclude Include="Application.h">
      <Filter>Engin\High Level Interface</Filter>
    </ClInclude>
    <ClInclude Include="MnScene.h">
      <Filter>Engin\Scene</Filter>
    </ClInclude>
    <ClInclude Include="MnComponent.h">
      <Filter>Engin\Component</Filter>
    </ClInclude>
    <ClInclude Include="MnLayer.h">
      <Filter>Engin\Layer</Filter>
    </ClInclude>
    <ClInclude Include="MnSceneManager.h">
      <Filter>Engin\Scene</Filter>
    </ClInclude>
    <ClInclude Include="MnMomodora.h">
      <Filter>Contents\Player</Filter>
    </ClInclude>
    <ClInclude Include="MnTime.h">
      <Filter>Engin\Time</Filter>
    </ClInclude>
    <ClInclude Include="MnInput.h">
      <Filter>Engin\Input</Filter>
    </ClInclude>
    <ClInclude Include="MnResource.h">
      <Filter>Engin\Resource</Filter>
    </ClInclude>
    <ClInclude Include="MnResources.h">
      <Filter>Engin\Resource</Filter>
    </ClInclude>
    <ClInclude Include="MnBG.h">
      <Filter>Contents\BG</Filter>
    </ClInclude>
    <ClInclude Include="MnImage.h">
      <Filter>Engin\Resource</Filter>
    </ClInclude>
    <ClInclude Include="MnTitleBG.h">
      <Filter>Contents\BG</Filter>
    </ClInclude>
    <ClInclude Include="MnMainMenuBG.h">
      <Filter>Contents\BG</Filter>
    </ClInclude>
    <ClInclude Include="MnTitleUI.h">
      <Filter>Contents\UI</Filter>
    </ClInclude>
    <ClInclude Include="MnTitle_Letter.h">
      <Filter>Contents\Letters</Filter>
    </ClInclude>
    <ClInclude Include="MnImp.h">
      <Filter>Contents\Monster</Filter>
    </ClInclude>
    <ClInclude Include="MnArsonist.h">
      <Filter>Contents\Monster</Filter>
    </ClInclude>
    <ClInclude Include="MnKaho_Cat.h">
      <Filter>Contents\Player</Filter>
    </ClInclude>
    <ClInclude Include="MnKaho.h">
      <Filter>Contents\Player</Filter>
    </ClInclude>
    <ClInclude Include="MnKaho_Human.h">
      <Filter>Contents\Player</Filter>
    </ClInclude>
    <ClInclude Include="MnArrow.h">
      <Filter>Contents\Throws</Filter>
    </ClInclude>
    <ClInclude Include="MnCollisionManager.h">
      <Filter>Engin\Component\Collider</Filter>
    </ClInclude>
    <ClInclude Include="MnCollider.h">
      <Filter>Engin\Component\Collider</Filter>
    </ClInclude>
    <ClInclude Include="MnCamera.h">
      <Filter>Engin\Camera</Filter>
    </ClInclude>
    <ClInclude Include="MnObject.h">
      <Filter>Engin\GameObject</Filter>
    </ClInclude>
    <ClInclude Include="MnFadeInOut.h">
      <Filter>Contents\BG</Filter>
    </ClInclude>
    <ClInclude Include="MnPlayerEnum.h">
      <Filter>Contents\Player</Filter>
    </ClInclude>
    <ClInclude Include="MnRigidbody.h">
      <Filter>Engin\Component\RigidBody</Filter>
    </ClInclude>
    <ClInclude Include="MnAnimation.h">
      <Filter>Engin\Component\Animator</Filter>
    </ClInclude>
    <ClInclude Include="MnAnimator.h">
      <Filter>Engin\Component\Animator</Filter>
    </ClInclude>
    <ClInclude Include="MnTransform.h">
      <Filter>Engin\Component\Transform</Filter>
    </ClInclude>
    <ClInclude Include="MnTilePalatte.h">
      <Filter>Contents\Tile</Filter>
    </ClInclude>
    <ClInclude Include="MnTile.h">
      <Filter>Contents\Tile</Filter>
    </ClInclude>
    <ClInclude Include="MnMeleeEffect.h">
      <Filter>Contents\Effect</Filter>
    </ClInclude>
    <ClInclude Include="MnGround.h">
      <Filter>Contents</Filter>
    </ClInclude>
    <ClInclude Include="MnPortal.h">
      <Filter>Contents</Filter>
    </ClInclude>
    <ClInclude Include="MnCath.h">
      <Filter>Contents\NPC</Filter>
    </ClInclude>
    <ClInclude Include="MnMonkey.h">
      <Filter>Contents\Monster</Filter>
    </ClInclude>
    <ClInclude Include="MnLupiar.h">
      <Filter>Contents\Monster</Filter>
    </ClInclude>
    <ClInclude Include="MnMagnolia.h">
      <Filter>Contents\Monster</Filter>
    </ClInclude>
    <ClInclude Include="MnPlayerHpBar.h">
      <Filter>Contents\UI</Filter>
    </ClInclude>
    <ClInclude Include="MnKnife.h">
      <Filter>Contents\Throws</Filter>
    </ClInclude>
    <ClInclude Include="MnImpBomb.h">
      <Filter>Contents\Monster</Filter>
    </ClInclude>
    <ClInclude Include="MnImpKnife.h">
      <Filter>Contents\Monster</Filter>
    </ClInclude>
    <ClInclude Include="MnBomb.h">
      <Filter>Contents\Throws</Filter>
    </ClInclude>
    <ClInclude Include="MnMonMeleeAttack.h">
      <Filter>Contents\Throws</Filter>
    </ClInclude>
    <ClInclude Include="MnHitEffect.h">
      <Filter>Contents\Effect</Filter>
    </ClInclude>
    <ClInclude Include="MnPlayScene.h">
      <Filter>Contents\Scene\Stage1</Filter>
    </ClInclude>
    <ClInclude Include="MnfirstStageScene.h">
      <Filter>Contents\Scene\Stage1</Filter>
    </ClInclude>
    <ClInclude Include="MnToolScene.h">
      <Filter>Contents\Scene\Tile</Filter>
    </ClInclude>
    <ClInclude Include="MnMainMenuScene.h">
      <Filter>Contents\Scene\Title</Filter>
    </ClInclude>
    <ClInclude Include="MnTitleScene.h">
      <Filter>Contents\Scene\Title</Filter>
    </ClInclude>
    <ClInclude Include="MnStage_1_2.h">
      <Filter>Contents\Scene\Stage1</Filter>
    </ClInclude>
    <ClInclude Include="MnStage_1_3.h">
      <Filter>Contents\Scene\Stage1</Filter>
    </ClInclude>
    <ClInclude Include="MnStage1_Boss.h">
      <Filter>Contents\Scene\Stage1</Filter>
    </ClInclude>
    <ClInclude Include="MnBigPlant.h">
      <Filter>Contents\Monster</Filter>
    </ClInclude>
    <ClInclude Include="MnStage2_1.h">
      <Filter>Contents\Scene\Stage2</Filter>
    </ClInclude>
    <ClInclude Include="MnUnderGroundBG.h">
      <Filter>Contents\BG</Filter>
    </ClInclude>
    <ClInclude Include="MnStage2_2.h">
      <Filter>Contents\Scene\Stage2</Filter>
    </ClInclude>
    <ClInclude Include="MnStage2_3.h">
      <Filter>Contents\Scene\Stage2</Filter>
    </ClInclude>
  </ItemGroup>
  <ItemGroup>
    <ResourceCompile Include="Client.rc">
      <Filter>리소스 파일</Filter>
    </ResourceCompile>
  </ItemGroup>
  <ItemGroup>
    <Image Include="small.ico">
      <Filter>리소스 파일</Filter>
    </Image>
    <Image Include="Client.ico">
      <Filter>리소스 파일</Filter>
    </Image>
    <Image Include="E:\Steam\steamapps\common\Momodora RUtM\MomodoraRUtM\.rsrc\1033\ICON\momodora.ico">
      <Filter>리소스 파일</Filter>
    </Image>
  </ItemGroup>
  <ItemGroup>
    <ClCompile Include="main.cpp">
      <Filter>Main</Filter>
    </ClCompile>
    <ClCompile Include="MnMath.cpp">
      <Filter>Engin\Common</Filter>
    </ClCompile>
    <ClCompile Include="MnGameObject.cpp">
      <Filter>Engin\GameObject</Filter>
    </ClCompile>
    <ClCompile Include="MnEntity.cpp">
      <Filter>Engin\Common</Filter>
    </ClCompile>
    <ClCompile Include="Application.cpp">
      <Filter>Engin\High Level Interface</Filter>
    </ClCompile>
    <ClCompile Include="MnScene.cpp">
      <Filter>Engin\Scene</Filter>
    </ClCompile>
    <ClCompile Include="MnComponent.cpp">
      <Filter>Engin\Component</Filter>
    </ClCompile>
    <ClCompile Include="MnLayer.cpp">
      <Filter>Engin\Layer</Filter>
    </ClCompile>
    <ClCompile Include="MnSceneManager.cpp">
      <Filter>Engin\Scene</Filter>
    </ClCompile>
    <ClCompile Include="MnMomodora.cpp">
      <Filter>Contents\Player</Filter>
    </ClCompile>
    <ClCompile Include="MnTime.cpp">
      <Filter>Engin\Time</Filter>
    </ClCompile>
    <ClCompile Include="MnInput.cpp">
      <Filter>Engin\Input</Filter>
    </ClCompile>
    <ClCompile Include="MnResource.cpp">
      <Filter>Engin\Resource</Filter>
    </ClCompile>
    <ClCompile Include="MnResources.cpp">
      <Filter>Engin\Resource</Filter>
    </ClCompile>
    <ClCompile Include="MnBG.cpp">
      <Filter>Contents\BG</Filter>
    </ClCompile>
    <ClCompile Include="MnImage.cpp">
      <Filter>Engin\Resource</Filter>
    </ClCompile>
    <ClCompile Include="MnTitleBG.cpp">
      <Filter>Contents\BG</Filter>
    </ClCompile>
    <ClCompile Include="MnMainMenuBG.cpp">
      <Filter>Contents\BG</Filter>
    </ClCompile>
    <ClCompile Include="MnTitleUI.cpp">
      <Filter>Contents\UI</Filter>
    </ClCompile>
    <ClCompile Include="MnTitle_Letter.cpp">
      <Filter>Contents\Letters</Filter>
    </ClCompile>
    <ClCompile Include="MnImp.cpp">
      <Filter>Contents\Monster</Filter>
    </ClCompile>
    <ClCompile Include="MnArsonist.cpp">
      <Filter>Contents\Monster</Filter>
    </ClCompile>
    <ClCompile Include="MnKaho_Cat.cpp">
      <Filter>Contents\Player</Filter>
    </ClCompile>
    <ClCompile Include="MnKaho.cpp">
      <Filter>Contents\Player</Filter>
    </ClCompile>
    <ClCompile Include="MnKaho_Human.cpp">
      <Filter>Contents\Player</Filter>
    </ClCompile>
    <ClCompile Include="MnArrow.cpp">
      <Filter>Contents\Throws</Filter>
    </ClCompile>
    <ClCompile Include="MnCollisionManager.cpp">
      <Filter>Engin\Component\Collider</Filter>
    </ClCompile>
    <ClCompile Include="MnCollider.cpp">
      <Filter>Engin\Component\Collider</Filter>
    </ClCompile>
    <ClCompile Include="MnCamera.cpp">
      <Filter>Engin\Camera</Filter>
    </ClCompile>
    <ClCompile Include="MnFadeInOut.cpp">
      <Filter>Contents\BG</Filter>
    </ClCompile>
    <ClCompile Include="MnRigidbody.cpp">
      <Filter>Engin\Component\RigidBody</Filter>
    </ClCompile>
    <ClCompile Include="MnAnimation.cpp">
      <Filter>Engin\Component\Animator</Filter>
    </ClCompile>
    <ClCompile Include="MnAnimator.cpp">
      <Filter>Engin\Component\Animator</Filter>
    </ClCompile>
    <ClCompile Include="MnTransform.cpp">
      <Filter>Engin\Component\Transform</Filter>
    </ClCompile>
    <ClCompile Include="MnTilePalatte.cpp">
      <Filter>Contents\Tile</Filter>
    </ClCompile>
    <ClCompile Include="MnTile.cpp">
      <Filter>Contents\Tile</Filter>
    </ClCompile>
    <ClCompile Include="MnMeleeEffect.cpp">
      <Filter>Contents\Effect</Filter>
    </ClCompile>
    <ClCompile Include="MnGround.cpp">
      <Filter>Contents</Filter>
    </ClCompile>
    <ClCompile Include="MnPortal.cpp">
      <Filter>Contents</Filter>
    </ClCompile>
    <ClCompile Include="MnCath.cpp">
      <Filter>Contents\NPC</Filter>
    </ClCompile>
    <ClCompile Include="MnMonkey.cpp">
      <Filter>Contents\Monster</Filter>
    </ClCompile>
    <ClCompile Include="MnLupiar.cpp">
      <Filter>Contents\Monster</Filter>
    </ClCompile>
    <ClCompile Include="MnMagnolia.cpp">
      <Filter>Contents\Monster</Filter>
    </ClCompile>
    <ClCompile Include="MnPlayerHpBar.cpp">
      <Filter>Contents\UI</Filter>
    </ClCompile>
    <ClCompile Include="MnKnife.cpp">
      <Filter>Contents\Throws</Filter>
    </ClCompile>
    <ClCompile Include="MnImpBomb.cpp">
      <Filter>Contents\Monster</Filter>
    </ClCompile>
    <ClCompile Include="MnImpKnife.cpp">
      <Filter>Contents\Monster</Filter>
    </ClCompile>
    <ClCompile Include="MnBomb.cpp">
      <Filter>Contents\Throws</Filter>
    </ClCompile>
    <ClCompile Include="MnMonMeleeAttack.cpp">
      <Filter>Contents\Throws</Filter>
    </ClCompile>
    <ClCompile Include="MnHitEffect.cpp">
      <Filter>Contents\Effect</Filter>
    </ClCompile>
    <ClCompile Include="MnPlayScene.cpp">
      <Filter>Contents\Scene\Stage1</Filter>
    </ClCompile>
    <ClCompile Include="MnfirstStageScene.cpp">
      <Filter>Contents\Scene\Stage1</Filter>
    </ClCompile>
    <ClCompile Include="MnToolScene.cpp">
      <Filter>Contents\Scene\Tile</Filter>
    </ClCompile>
    <ClCompile Include="MnMainMenuScene.cpp">
      <Filter>Contents\Scene\Title</Filter>
    </ClCompile>
    <ClCompile Include="MnTitleScene.cpp">
      <Filter>Contents\Scene\Title</Filter>
    </ClCompile>
    <ClCompile Include="MnStage_1_2.cpp">
      <Filter>Contents\Scene\Stage1</Filter>
    </ClCompile>
    <ClCompile Include="MnStage_1_3.cpp">
      <Filter>Contents\Scene\Stage1</Filter>
    </ClCompile>
    <ClCompile Include="MnStage1_Boss.cpp">
      <Filter>Contents\Scene\Stage1</Filter>
    </ClCompile>
    <ClCompile Include="MnBigPlant.cpp">
      <Filter>Contents\Monster</Filter>
    </ClCompile>
    <ClCompile Include="MnStage2_1.cpp">
      <Filter>Contents\Scene\Stage2</Filter>
    </ClCompile>
    <ClCompile Include="MnUnderGroundBG.cpp">
      <Filter>Contents\BG</Filter>
    </ClCompile>
    <ClCompile Include="MnStage2_2.cpp">
      <Filter>Contents\Scene\Stage2</Filter>
    </ClCompile>
    <ClCompile Include="MnStage2_3.cpp">
      <Filter>Contents\Scene\Stage2</Filter>
    </ClCompile>
  </ItemGroup>
</Project>